
Microsoft Visual Studio Solution File, Format Version 12.00
# Visual Studio 15
VisualStudioVersion = 15.0.28307.489
MinimumVisualStudioVersion = 10.0.40219.1
Project("{FAE04EC0-301F-11D3-BF4B-00C04F79EFBC}") = "IssueManagerM", "IssueManagerM\IssueManagerM.csproj", "{9A5D9798-0B25-4978-BA6B-1DEBA44E76B9}"
EndProject
Global
	GlobalSection(SolutionConfigurationPlatforms) = preSolution
		Debug|Any CPU = Debug|Any CPU
		Release|Any CPU = Release|Any CPU
	EndGlobalSection
	GlobalSection(ProjectConfigurationPlatforms) = postSolution
		{9A5D9798-0B25-4978-BA6B-1DEBA44E76B9}.Debug|Any CPU.ActiveCfg = Debug|Any CPU
		{9A5D9798-0B25-4978-BA6B-1DEBA44E76B9}.Debug|Any CPU.Build.0 = Debug|Any CPU
		{9A5D9798-0B25-4978-BA6B-1DEBA44E76B9}.Release|Any CPU.ActiveCfg = Release|Any CPU
		{9A5D9798-0B25-4978-BA6B-1DEBA44E76B9}.Release|Any CPU.Build.0 = Release|Any CPU
	EndGlobalSection
	GlobalSection(SolutionProperties) = preSolution
		HideSolutionNode = FALSE
	EndGlobalSection
	GlobalSection(ExtensibilityGlobals) = postSolution
		SolutionGuid = {3D38CBE6-BEB3-447D-BA0D-0AC9F585EBE7}
	EndGlobalSection
EndGlobal
